
Microsoft Visual Studio Solution File, Format Version 12.00
# Visual Studio Version 17
VisualStudioVersion = 17.5.2.0
MinimumVisualStudioVersion = 10.0.40219.1
Project("{2150E333-8FDC-42A3-9474-1A3956D46DE8}") = "src", "src", "{827E0CD3-B72D-47B6-A68D-7590B98EB39B}"
EndProject
Project("{FAE04EC0-301F-11D3-BF4B-00C04F79EFBC}") = "AppHost", "src\AppHost\AppHost.csproj", "{BB9C41FD-1395-49AC-C085-55B269795333}"
EndProject
Project("{2150E333-8FDC-42A3-9474-1A3956D46DE8}") = "Services", "Services", "{984BB9B3-3FA3-BE33-9484-CAC21695A33C}"
EndProject
Project("{2150E333-8FDC-42A3-9474-1A3956D46DE8}") = "OrderService", "OrderService", "{F5625D22-DF6D-6E20-0384-6B2F7CAD8697}"
EndProject
Project("{FAE04EC0-301F-11D3-BF4B-00C04F79EFBC}") = "OrderService.Api", "src\Services\OrderService\OrderService.Api\OrderService.Api.csproj", "{D647AD06-6B62-4F4B-8ACE-51A645E0DF51}"
EndProject
Project("{FAE04EC0-301F-11D3-BF4B-00C04F79EFBC}") = "OrderService.Domain", "src\Services\OrderService\OrderService.Domain\OrderService.Domain.csproj", "{05CFC313-AFB5-4A11-A3D1-065F8A8A9C45}"
EndProject
Project("{FAE04EC0-301F-11D3-BF4B-00C04F79EFBC}") = "OrderService.Application", "src\Services\OrderService\OrderService.Application\OrderService.Application.csproj", "{1332C343-9677-4396-A05F-8379DFBBCF23}"
EndProject
Project("{FAE04EC0-301F-11D3-BF4B-00C04F79EFBC}") = "OrderService.Infrastructure", "src\Services\OrderService\OrderService.Infrastructure\OrderService.Infrastructure.csproj", "{0F926DC7-F8BB-4FEF-9BF7-234B99D086AF}"
EndProject
Project("{2150E333-8FDC-42A3-9474-1A3956D46DE8}") = "ApiGateway", "ApiGateway", "{A1234567-1234-1234-1234-123456789ABC}"
EndProject
Project("{2150E333-8FDC-42A3-9474-1A3956D46DE8}") = "CatalogService", "CatalogService", "{B2345678-2345-2345-2345-23456789ABCD}"
EndProject
Project("{2150E333-8FDC-42A3-9474-1A3956D46DE8}") = "InventoryService", "InventoryService", "{C3456789-3456-3456-3456-3456789ABCDE}"
EndProject
Project("{2150E333-8FDC-42A3-9474-1A3956D46DE8}") = "PaymentService.Java", "PaymentService.Java", "{D4567890-4567-4567-4567-456789ABCDEF}"
	ProjectSection(SolutionItems) = preProject
		src\Services\PaymentService.Java\Dockerfile = src\Services\PaymentService.Java\Dockerfile
	EndProjectSection
EndProject
Project("{2150E333-8FDC-42A3-9474-1A3956D46DE8}") = "NotificationService.Node", "NotificationService.Node", "{E5678901-5678-5678-5678-56789ABCDEF0}"
	ProjectSection(SolutionItems) = preProject
		src\Services\NotificationService.Node\Dockerfile = src\Services\NotificationService.Node\Dockerfile
	EndProjectSection
EndProject
Project("{2150E333-8FDC-42A3-9474-1A3956D46DE8}") = "AuthService", "AuthService", "{F6789012-6789-6789-6789-6789ABCDEF01}"
EndProject
Project("{2150E333-8FDC-42A3-9474-1A3956D46DE8}") = "BuildingBlocks", "BuildingBlocks", "{01234567-0123-0123-0123-0123456789AB}"
EndProject
Project("{2150E333-8FDC-42A3-9474-1A3956D46DE8}") = "Workers", "Workers", "{12345678-1234-1234-1234-23456789ABCD}"
EndProject
Project("{2150E333-8FDC-42A3-9474-1A3956D46DE8}") = "OrderWorker", "OrderWorker", "{23456789-2345-2345-2345-3456789ABCDE}"
EndProject
Project("{2150E333-8FDC-42A3-9474-1A3956D46DE8}") = "AnalyticsWorker", "AnalyticsWorker", "{34567890-3456-3456-3456-456789ABCDEF}"
EndProject
Project("{2150E333-8FDC-42A3-9474-1A3956D46DE8}") = "tests", "tests", "{45678901-4567-4567-4567-56789ABCDEF0}"
EndProject
Project("{2150E333-8FDC-42A3-9474-1A3956D46DE8}") = "UnitTests", "UnitTests", "{56789012-5678-5678-5678-6789ABCDEF01}"
EndProject
Project("{2150E333-8FDC-42A3-9474-1A3956D46DE8}") = "IntegrationTests", "IntegrationTests", "{67890123-6789-6789-6789-789ABCDEF012}"
EndProject
Project("{FAE04EC0-301F-11D3-BF4B-00C04F79EFBC}") = "OrderService.SharedKernel", "src\Services\OrderService\OrderService.SharedKernel\OrderService.SharedKernel.csproj", "{86CA0FDA-132D-47F5-90B1-B491056C8AD4}"
EndProject
Project("{2150E333-8FDC-42A3-9474-1A3956D46DE8}") = "src", "src", "{4688FE72-AB16-CB54-10B3-52FC8BDCFFB4}"
EndProject
Project("{2150E333-8FDC-42A3-9474-1A3956D46DE8}") = "Solution Items", "Solution Items", "{057F594D-C978-4038-8A92-2534D1A698CA}"
	ProjectSection(SolutionItems) = preProject
		Directory.Build.props = Directory.Build.props
		.editorconfig = .editorconfig
	EndProjectSection
EndProject
Project("{2150E333-8FDC-42A3-9474-1A3956D46DE8}") = "Aspire", "Aspire", "{9297B635-E8FE-4A78-9EC4-5C837391DEBE}"
EndProject
Project("{FAE04EC0-301F-11D3-BF4B-00C04F79EFBC}") = "ServiceDefaults", "src\ServiceDefaults\ServiceDefaults.csproj", "{538344EC-D363-4F61-BBA5-D2A35BC824DA}"
EndProject
Project("{2150E333-8FDC-42A3-9474-1A3956D46DE8}") = "UserService", "UserService", "{8352DAA8-2059-43D7-822A-EED7C0ABABE1}"
EndProject
Project("{2150E333-8FDC-42A3-9474-1A3956D46DE8}") = "tests", "tests", "{0F0ED533-FC6F-4C58-8744-F206316F8105}"
EndProject
Global
	GlobalSection(SolutionConfigurationPlatforms) = preSolution
		Debug|Any CPU = Debug|Any CPU
		Debug|x64 = Debug|x64
		Debug|x86 = Debug|x86
		Release|Any CPU = Release|Any CPU
		Release|x64 = Release|x64
		Release|x86 = Release|x86
	EndGlobalSection
	GlobalSection(ProjectConfigurationPlatforms) = postSolution
		{BB9C41FD-1395-49AC-C085-55B269795333}.Debug|Any CPU.ActiveCfg = Debug|Any CPU
		{BB9C41FD-1395-49AC-C085-55B269795333}.Debug|Any CPU.Build.0 = Debug|Any CPU
		{BB9C41FD-1395-49AC-C085-55B269795333}.Debug|x64.ActiveCfg = Debug|Any CPU
		{BB9C41FD-1395-49AC-C085-55B269795333}.Debug|x64.Build.0 = Debug|Any CPU
		{BB9C41FD-1395-49AC-C085-55B269795333}.Debug|x86.ActiveCfg = Debug|Any CPU
		{BB9C41FD-1395-49AC-C085-55B269795333}.Debug|x86.Build.0 = Debug|Any CPU
		{BB9C41FD-1395-49AC-C085-55B269795333}.Release|Any CPU.ActiveCfg = Release|Any CPU
		{BB9C41FD-1395-49AC-C085-55B269795333}.Release|Any CPU.Build.0 = Release|Any CPU
		{BB9C41FD-1395-49AC-C085-55B269795333}.Release|x64.ActiveCfg = Release|Any CPU
		{BB9C41FD-1395-49AC-C085-55B269795333}.Release|x64.Build.0 = Release|Any CPU
		{BB9C41FD-1395-49AC-C085-55B269795333}.Release|x86.ActiveCfg = Release|Any CPU
		{BB9C41FD-1395-49AC-C085-55B269795333}.Release|x86.Build.0 = Release|Any CPU
		{D647AD06-6B62-4F4B-8ACE-51A645E0DF51}.Debug|Any CPU.ActiveCfg = Debug|Any CPU
		{D647AD06-6B62-4F4B-8ACE-51A645E0DF51}.Debug|Any CPU.Build.0 = Debug|Any CPU
		{D647AD06-6B62-4F4B-8ACE-51A645E0DF51}.Debug|x64.ActiveCfg = Debug|Any CPU
		{D647AD06-6B62-4F4B-8ACE-51A645E0DF51}.Debug|x64.Build.0 = Debug|Any CPU
		{D647AD06-6B62-4F4B-8ACE-51A645E0DF51}.Debug|x86.ActiveCfg = Debug|Any CPU
		{D647AD06-6B62-4F4B-8ACE-51A645E0DF51}.Debug|x86.Build.0 = Debug|Any CPU
		{D647AD06-6B62-4F4B-8ACE-51A645E0DF51}.Release|Any CPU.ActiveCfg = Release|Any CPU
		{D647AD06-6B62-4F4B-8ACE-51A645E0DF51}.Release|Any CPU.Build.0 = Release|Any CPU
		{D647AD06-6B62-4F4B-8ACE-51A645E0DF51}.Release|x64.ActiveCfg = Release|Any CPU
		{D647AD06-6B62-4F4B-8ACE-51A645E0DF51}.Release|x64.Build.0 = Release|Any CPU
		{D647AD06-6B62-4F4B-8ACE-51A645E0DF51}.Release|x86.ActiveCfg = Release|Any CPU
		{D647AD06-6B62-4F4B-8ACE-51A645E0DF51}.Release|x86.Build.0 = Release|Any CPU
		{05CFC313-AFB5-4A11-A3D1-065F8A8A9C45}.Debug|Any CPU.ActiveCfg = Debug|Any CPU
		{05CFC313-AFB5-4A11-A3D1-065F8A8A9C45}.Debug|Any CPU.Build.0 = Debug|Any CPU
		{05CFC313-AFB5-4A11-A3D1-065F8A8A9C45}.Debug|x64.ActiveCfg = Debug|Any CPU
		{05CFC313-AFB5-4A11-A3D1-065F8A8A9C45}.Debug|x64.Build.0 = Debug|Any CPU
		{05CFC313-AFB5-4A11-A3D1-065F8A8A9C45}.Debug|x86.ActiveCfg = Debug|Any CPU
		{05CFC313-AFB5-4A11-A3D1-065F8A8A9C45}.Debug|x86.Build.0 = Debug|Any CPU
		{05CFC313-AFB5-4A11-A3D1-065F8A8A9C45}.Release|Any CPU.ActiveCfg = Release|Any CPU
		{05CFC313-AFB5-4A11-A3D1-065F8A8A9C45}.Release|Any CPU.Build.0 = Release|Any CPU
		{05CFC313-AFB5-4A11-A3D1-065F8A8A9C45}.Release|x64.ActiveCfg = Release|Any CPU
		{05CFC313-AFB5-4A11-A3D1-065F8A8A9C45}.Release|x64.Build.0 = Release|Any CPU
		{05CFC313-AFB5-4A11-A3D1-065F8A8A9C45}.Release|x86.ActiveCfg = Release|Any CPU
		{05CFC313-AFB5-4A11-A3D1-065F8A8A9C45}.Release|x86.Build.0 = Release|Any CPU
		{1332C343-9677-4396-A05F-8379DFBBCF23}.Debug|Any CPU.ActiveCfg = Debug|Any CPU
		{1332C343-9677-4396-A05F-8379DFBBCF23}.Debug|Any CPU.Build.0 = Debug|Any CPU
		{1332C343-9677-4396-A05F-8379DFBBCF23}.Debug|x64.ActiveCfg = Debug|Any CPU
		{1332C343-9677-4396-A05F-8379DFBBCF23}.Debug|x64.Build.0 = Debug|Any CPU
		{1332C343-9677-4396-A05F-8379DFBBCF23}.Debug|x86.ActiveCfg = Debug|Any CPU
		{1332C343-9677-4396-A05F-8379DFBBCF23}.Debug|x86.Build.0 = Debug|Any CPU
		{1332C343-9677-4396-A05F-8379DFBBCF23}.Release|Any CPU.ActiveCfg = Release|Any CPU
		{1332C343-9677-4396-A05F-8379DFBBCF23}.Release|Any CPU.Build.0 = Release|Any CPU
		{1332C343-9677-4396-A05F-8379DFBBCF23}.Release|x64.ActiveCfg = Release|Any CPU
		{1332C343-9677-4396-A05F-8379DFBBCF23}.Release|x64.Build.0 = Release|Any CPU
		{1332C343-9677-4396-A05F-8379DFBBCF23}.Release|x86.ActiveCfg = Release|Any CPU
		{1332C343-9677-4396-A05F-8379DFBBCF23}.Release|x86.Build.0 = Release|Any CPU
		{0F926DC7-F8BB-4FEF-9BF7-234B99D086AF}.Debug|Any CPU.ActiveCfg = Debug|Any CPU
		{0F926DC7-F8BB-4FEF-9BF7-234B99D086AF}.Debug|Any CPU.Build.0 = Debug|Any CPU
		{0F926DC7-F8BB-4FEF-9BF7-234B99D086AF}.Debug|x64.ActiveCfg = Debug|Any CPU
		{0F926DC7-F8BB-4FEF-9BF7-234B99D086AF}.Debug|x64.Build.0 = Debug|Any CPU
		{0F926DC7-F8BB-4FEF-9BF7-234B99D086AF}.Debug|x86.ActiveCfg = Debug|Any CPU
		{0F926DC7-F8BB-4FEF-9BF7-234B99D086AF}.Debug|x86.Build.0 = Debug|Any CPU
		{0F926DC7-F8BB-4FEF-9BF7-234B99D086AF}.Release|Any CPU.ActiveCfg = Release|Any CPU
		{0F926DC7-F8BB-4FEF-9BF7-234B99D086AF}.Release|Any CPU.Build.0 = Release|Any CPU
		{0F926DC7-F8BB-4FEF-9BF7-234B99D086AF}.Release|x64.ActiveCfg = Release|Any CPU
		{0F926DC7-F8BB-4FEF-9BF7-234B99D086AF}.Release|x64.Build.0 = Release|Any CPU
		{0F926DC7-F8BB-4FEF-9BF7-234B99D086AF}.Release|x86.ActiveCfg = Release|Any CPU
		{0F926DC7-F8BB-4FEF-9BF7-234B99D086AF}.Release|x86.Build.0 = Release|Any CPU
		{86CA0FDA-132D-47F5-90B1-B491056C8AD4}.Debug|Any CPU.ActiveCfg = Debug|Any CPU
		{86CA0FDA-132D-47F5-90B1-B491056C8AD4}.Debug|Any CPU.Build.0 = Debug|Any CPU
		{86CA0FDA-132D-47F5-90B1-B491056C8AD4}.Debug|x64.ActiveCfg = Debug|Any CPU
		{86CA0FDA-132D-47F5-90B1-B491056C8AD4}.Debug|x64.Build.0 = Debug|Any CPU
		{86CA0FDA-132D-47F5-90B1-B491056C8AD4}.Debug|x86.ActiveCfg = Debug|Any CPU
		{86CA0FDA-132D-47F5-90B1-B491056C8AD4}.Debug|x86.Build.0 = Debug|Any CPU
		{86CA0FDA-132D-47F5-90B1-B491056C8AD4}.Release|Any CPU.ActiveCfg = Release|Any CPU
		{86CA0FDA-132D-47F5-90B1-B491056C8AD4}.Release|Any CPU.Build.0 = Release|Any CPU
		{86CA0FDA-132D-47F5-90B1-B491056C8AD4}.Release|x64.ActiveCfg = Release|Any CPU
		{86CA0FDA-132D-47F5-90B1-B491056C8AD4}.Release|x64.Build.0 = Release|Any CPU
		{86CA0FDA-132D-47F5-90B1-B491056C8AD4}.Release|x86.ActiveCfg = Release|Any CPU
		{86CA0FDA-132D-47F5-90B1-B491056C8AD4}.Release|x86.Build.0 = Release|Any CPU
		{538344EC-D363-4F61-BBA5-D2A35BC824DA}.Debug|Any CPU.ActiveCfg = Debug|Any CPU
		{538344EC-D363-4F61-BBA5-D2A35BC824DA}.Debug|Any CPU.Build.0 = Debug|Any CPU
		{538344EC-D363-4F61-BBA5-D2A35BC824DA}.Debug|x64.ActiveCfg = Debug|Any CPU
		{538344EC-D363-4F61-BBA5-D2A35BC824DA}.Debug|x64.Build.0 = Debug|Any CPU
		{538344EC-D363-4F61-BBA5-D2A35BC824DA}.Debug|x86.ActiveCfg = Debug|Any CPU
		{538344EC-D363-4F61-BBA5-D2A35BC824DA}.Debug|x86.Build.0 = Debug|Any CPU
		{538344EC-D363-4F61-BBA5-D2A35BC824DA}.Release|Any CPU.ActiveCfg = Release|Any CPU
		{538344EC-D363-4F61-BBA5-D2A35BC824DA}.Release|Any CPU.Build.0 = Release|Any CPU
		{538344EC-D363-4F61-BBA5-D2A35BC824DA}.Release|x64.ActiveCfg = Release|Any CPU
		{538344EC-D363-4F61-BBA5-D2A35BC824DA}.Release|x64.Build.0 = Release|Any CPU
		{538344EC-D363-4F61-BBA5-D2A35BC824DA}.Release|x86.ActiveCfg = Release|Any CPU
		{538344EC-D363-4F61-BBA5-D2A35BC824DA}.Release|x86.Build.0 = Release|Any CPU
	EndGlobalSection
	GlobalSection(SolutionProperties) = preSolution
		HideSolutionNode = FALSE
	EndGlobalSection
	GlobalSection(NestedProjects) = preSolution
		{984BB9B3-3FA3-BE33-9484-CAC21695A33C} = {827E0CD3-B72D-47B6-A68D-7590B98EB39B}
		{F5625D22-DF6D-6E20-0384-6B2F7CAD8697} = {984BB9B3-3FA3-BE33-9484-CAC21695A33C}
		{A1234567-1234-1234-1234-123456789ABC} = {984BB9B3-3FA3-BE33-9484-CAC21695A33C}
		{B2345678-2345-2345-2345-23456789ABCD} = {984BB9B3-3FA3-BE33-9484-CAC21695A33C}
		{C3456789-3456-3456-3456-3456789ABCDE} = {984BB9B3-3FA3-BE33-9484-CAC21695A33C}
		{D4567890-4567-4567-4567-456789ABCDEF} = {984BB9B3-3FA3-BE33-9484-CAC21695A33C}
		{E5678901-5678-5678-5678-56789ABCDEF0} = {984BB9B3-3FA3-BE33-9484-CAC21695A33C}
		{F6789012-6789-6789-6789-6789ABCDEF01} = {984BB9B3-3FA3-BE33-9484-CAC21695A33C}
		{01234567-0123-0123-0123-0123456789AB} = {827E0CD3-B72D-47B6-A68D-7590B98EB39B}
		{12345678-1234-1234-1234-23456789ABCD} = {827E0CD3-B72D-47B6-A68D-7590B98EB39B}
		{23456789-2345-2345-2345-3456789ABCDE} = {12345678-1234-1234-1234-23456789ABCD}
		{34567890-3456-3456-3456-456789ABCDEF} = {12345678-1234-1234-1234-23456789ABCD}
		{56789012-5678-5678-5678-6789ABCDEF01} = {45678901-4567-4567-4567-56789ABCDEF0}
		{67890123-6789-6789-6789-789ABCDEF012} = {45678901-4567-4567-4567-56789ABCDEF0}
		{4688FE72-AB16-CB54-10B3-52FC8BDCFFB4} = {F5625D22-DF6D-6E20-0384-6B2F7CAD8697}
		{D647AD06-6B62-4F4B-8ACE-51A645E0DF51} = {4688FE72-AB16-CB54-10B3-52FC8BDCFFB4}
		{1332C343-9677-4396-A05F-8379DFBBCF23} = {4688FE72-AB16-CB54-10B3-52FC8BDCFFB4}
		{05CFC313-AFB5-4A11-A3D1-065F8A8A9C45} = {4688FE72-AB16-CB54-10B3-52FC8BDCFFB4}
		{0F926DC7-F8BB-4FEF-9BF7-234B99D086AF} = {4688FE72-AB16-CB54-10B3-52FC8BDCFFB4}
		{86CA0FDA-132D-47F5-90B1-B491056C8AD4} = {4688FE72-AB16-CB54-10B3-52FC8BDCFFB4}
		{057F594D-C978-4038-8A92-2534D1A698CA} = {F5625D22-DF6D-6E20-0384-6B2F7CAD8697}
		{9297B635-E8FE-4A78-9EC4-5C837391DEBE} = {827E0CD3-B72D-47B6-A68D-7590B98EB39B}
		{BB9C41FD-1395-49AC-C085-55B269795333} = {9297B635-E8FE-4A78-9EC4-5C837391DEBE}
		{538344EC-D363-4F61-BBA5-D2A35BC824DA} = {9297B635-E8FE-4A78-9EC4-5C837391DEBE}
		{8352DAA8-2059-43D7-822A-EED7C0ABABE1} = {984BB9B3-3FA3-BE33-9484-CAC21695A33C}
		{0F0ED533-FC6F-4C58-8744-F206316F8105} = {F5625D22-DF6D-6E20-0384-6B2F7CAD8697}
	EndGlobalSection
	GlobalSection(ExtensibilityGlobals) = postSolution
		SolutionGuid = {9ADD3889-D01B-4858-8E8C-9DE538957F44}
	EndGlobalSection
EndGlobal
